
Microsoft Visual Studio Solution File, Format Version 12.00
# Visual Studio Version 17
VisualStudioVersion = 17.4.33213.308
MinimumVisualStudioVersion = 10.0.40219.1
Project("{FAE04EC0-301F-11D3-BF4B-00C04F79EFBC}") = "D-14-1", "D-14-1.csproj", "{216BF327-A440-4C26-ADF7-8EE7B0D8219B}"
EndProject
Global
	GlobalSection(SolutionConfigurationPlatforms) = preSolution
		Debug|Any CPU = Debug|Any CPU
		Release|Any CPU = Release|Any CPU
	EndGlobalSection
	GlobalSection(ProjectConfigurationPlatforms) = postSolution
		{216BF327-A440-4C26-ADF7-8EE7B0D8219B}.Debug|Any CPU.ActiveCfg = Debug|Any CPU
		{216BF327-A440-4C26-ADF7-8EE7B0D8219B}.Debug|Any CPU.Build.0 = Debug|Any CPU
		{216BF327-A440-4C26-ADF7-8EE7B0D8219B}.Release|Any CPU.ActiveCfg = Release|Any CPU
		{216BF327-A440-4C26-ADF7-8EE7B0D8219B}.Release|Any CPU.Build.0 = Release|Any CPU
	EndGlobalSection
	GlobalSection(SolutionProperties) = preSolution
		HideSolutionNode = FALSE
	EndGlobalSection
	GlobalSection(ExtensibilityGlobals) = postSolution
		SolutionGuid = {51A22E65-7EFE-4AF6-B992-A8F1713C49B7}
	EndGlobalSection
EndGlobal
